
Microsoft Visual Studio Solution File, Format Version 12.00
# Visual Studio Version 16
VisualStudioVersion = 16.0.29519.87
MinimumVisualStudioVersion = 10.0.40219.1
Project("{FAE04EC0-301F-11D3-BF4B-00C04F79EFBC}") = "Bichon.Web", "src\Bichon.Web\Bichon.Web.csproj", "{BD09C8E3-0FD7-44E7-80EC-2C25243DFCEA}"
EndProject
Global
	GlobalSection(SolutionConfigurationPlatforms) = preSolution
		Debug|Any CPU = Debug|Any CPU
		Release|Any CPU = Release|Any CPU
	EndGlobalSection
	GlobalSection(ProjectConfigurationPlatforms) = postSolution
		{BD09C8E3-0FD7-44E7-80EC-2C25243DFCEA}.Debug|Any CPU.ActiveCfg = Debug|Any CPU
		{BD09C8E3-0FD7-44E7-80EC-2C25243DFCEA}.Debug|Any CPU.Build.0 = Debug|Any CPU
		{BD09C8E3-0FD7-44E7-80EC-2C25243DFCEA}.Release|Any CPU.ActiveCfg = Release|Any CPU
		{BD09C8E3-0FD7-44E7-80EC-2C25243DFCEA}.Release|Any CPU.Build.0 = Release|Any CPU
	EndGlobalSection
	GlobalSection(SolutionProperties) = preSolution
		HideSolutionNode = FALSE
	EndGlobalSection
	GlobalSection(ExtensibilityGlobals) = postSolution
		SolutionGuid = {19DA066C-13BC-46F4-9BC3-9AFB0E71CDDE}
	EndGlobalSection
EndGlobal
